
Microsoft Visual Studio Solution File, Format Version 12.00
# Visual Studio 2012
Project("{FAE04EC0-301F-11D3-BF4B-00C04F79EFBC}") = "SocialCastPurge.Purger", "src\SocialCastPurge.Console\SocialCastPurge.Purger.csproj", "{D2C894D0-D24E-4A2B-A29D-3787E8C245A2}"
EndProject
Global
	GlobalSection(SolutionConfigurationPlatforms) = preSolution
		Debug|Any CPU = Debug|Any CPU
		Release|Any CPU = Release|Any CPU
	EndGlobalSection
	GlobalSection(ProjectConfigurationPlatforms) = postSolution
		{D2C894D0-D24E-4A2B-A29D-3787E8C245A2}.Debug|Any CPU.ActiveCfg = Debug|Any CPU
		{D2C894D0-D24E-4A2B-A29D-3787E8C245A2}.Debug|Any CPU.Build.0 = Debug|Any CPU
		{D2C894D0-D24E-4A2B-A29D-3787E8C245A2}.Release|Any CPU.ActiveCfg = Release|Any CPU
		{D2C894D0-D24E-4A2B-A29D-3787E8C245A2}.Release|Any CPU.Build.0 = Release|Any CPU
	EndGlobalSection
	GlobalSection(SolutionProperties) = preSolution
		HideSolutionNode = FALSE
	EndGlobalSection
EndGlobal
